
Microsoft Visual Studio Solution File, Format Version 12.00
# Visual Studio Version 17
VisualStudioVersion = 17.5.33530.505
MinimumVisualStudioVersion = 10.0.40219.1
Project("{FAE04EC0-301F-11D3-BF4B-00C04F79EFBC}") = "TreeDataSturcture", "TreeDataSturcture\TreeDataSturcture.csproj", "{974F6AF5-EF16-4697-BEFD-02567E07932B}"
EndProject
Global
	GlobalSection(SolutionConfigurationPlatforms) = preSolution
		Debug|Any CPU = Debug|Any CPU
		Release|Any CPU = Release|Any CPU
	EndGlobalSection
	GlobalSection(ProjectConfigurationPlatforms) = postSolution
		{974F6AF5-EF16-4697-BEFD-02567E07932B}.Debug|Any CPU.ActiveCfg = Debug|Any CPU
		{974F6AF5-EF16-4697-BEFD-02567E07932B}.Debug|Any CPU.Build.0 = Debug|Any CPU
		{974F6AF5-EF16-4697-BEFD-02567E07932B}.Release|Any CPU.ActiveCfg = Release|Any CPU
		{974F6AF5-EF16-4697-BEFD-02567E07932B}.Release|Any CPU.Build.0 = Release|Any CPU
	EndGlobalSection
	GlobalSection(SolutionProperties) = preSolution
		HideSolutionNode = FALSE
	EndGlobalSection
	GlobalSection(ExtensibilityGlobals) = postSolution
		SolutionGuid = {97AA870C-BBA9-43C6-9D63-1F7B0F1EB521}
	EndGlobalSection
EndGlobal
